// !$*UTF8*$!
{
	archiveVersion = 1;
	classes = {
	};
	objectVersion = 50;
	objects = {

/* Begin PBXBuildFile section */
		463976852281A7BE00158068 /* AppDelegate.swift in Sources */ = {isa = PBXBuildFile; fileRef = 463976842281A7BE00158068 /* AppDelegate.swift */; };
		463976872281A7BE00158068 /* ViewController.swift in Sources */ = {isa = PBXBuildFile; fileRef = 463976862281A7BE00158068 /* ViewController.swift */; };
		4639768A2281A7BE00158068 /* Main.storyboard in Resources */ = {isa = PBXBuildFile; fileRef = 463976882281A7BE00158068 /* Main.storyboard */; };
		4639768C2281A7BF00158068 /* Assets.xcassets in Resources */ = {isa = PBXBuildFile; fileRef = 4639768B2281A7BF00158068 /* Assets.xcassets */; };
		4639768F2281A7BF00158068 /* LaunchScreen.storyboard in Resources */ = {isa = PBXBuildFile; fileRef = 4639768D2281A7BF00158068 /* LaunchScreen.storyboard */; };
		463BC32A2281B190007D274F /* OCRScannerView.swift in Sources */ = {isa = PBXBuildFile; fileRef = 4639767C2281A72600158068 /* OCRScannerView.swift */; };
		463BC32B2281B2AA007D274F /* StoreKit.framework in Frameworks */ = {isa = PBXBuildFile; fileRef = 463976762281A66600158068 /* StoreKit.framework */; };
		463BC32C2281B2F1007D274F /* Foundation.framework in Frameworks */ = {isa = PBXBuildFile; fileRef = 463976722281A5BF00158068 /* Foundation.framework */; };
		463BC32D2281B2FF007D274F /* libicucore.tbd in Frameworks */ = {isa = PBXBuildFile; fileRef = 4639764822819F9F00158068 /* libicucore.tbd */; };
		463BC32E2281B302007D274F /* CoreMedia.framework in Frameworks */ = {isa = PBXBuildFile; fileRef = 4639764222819F7700158068 /* CoreMedia.framework */; };
		463BC32F2281B305007D274F /* AVFoundation.framework in Frameworks */ = {isa = PBXBuildFile; fileRef = 4639763E22819F6600158068 /* AVFoundation.framework */; };
		463BC3302281B308007D274F /* libc++.tbd in Frameworks */ = {isa = PBXBuildFile; fileRef = 4639763C22819F5500158068 /* libc++.tbd */; };
		463BC3312281B30B007D274F /* libz.tbd in Frameworks */ = {isa = PBXBuildFile; fileRef = 4639763A22819F4D00158068 /* libz.tbd */; };
		463BC3322281B30E007D274F /* Accelerate.framework in Frameworks */ = {isa = PBXBuildFile; fileRef = 4639763622819F3600158068 /* Accelerate.framework */; };
		463BC3332281B311007D274F /* LocalAuthentication.framework in Frameworks */ = {isa = PBXBuildFile; fileRef = 4639763822819F3E00158068 /* LocalAuthentication.framework */; };
		463BC3342281B314007D274F /* libsqlite3.tbd in Frameworks */ = {isa = PBXBuildFile; fileRef = 4639763422819F1A00158068 /* libsqlite3.tbd */; };
		463BC3382281B671007D274F /* GoogleService-Info.plist in Resources */ = {isa = PBXBuildFile; fileRef = 463BC3372281B670007D274F /* GoogleService-Info.plist */; };
		463BC33A2281BC64007D274F /* GoogleMVTextDetectorResources.bundle in Resources */ = {isa = PBXBuildFile; fileRef = 463BC3392281BC64007D274F /* GoogleMVTextDetectorResources.bundle */; };
		463BC34C2281CACB007D274F /* FirebaseCoreDiagnostics.framework in Frameworks */ = {isa = PBXBuildFile; fileRef = 463BC33B2281CAC9007D274F /* FirebaseCoreDiagnostics.framework */; };
		463BC34D2281CACB007D274F /* GoogleAppMeasurement.framework in Frameworks */ = {isa = PBXBuildFile; fileRef = 463BC33C2281CAC9007D274F /* GoogleAppMeasurement.framework */; };
		463BC34E2281CACB007D274F /* GoogleMobileVision.framework in Frameworks */ = {isa = PBXBuildFile; fileRef = 463BC33D2281CAC9007D274F /* GoogleMobileVision.framework */; };
		463BC34F2281CACB007D274F /* FIRAnalyticsConnector.framework in Frameworks */ = {isa = PBXBuildFile; fileRef = 463BC33E2281CAC9007D274F /* FIRAnalyticsConnector.framework */; };
		463BC3502281CACB007D274F /* GoogleAPIClientForREST.framework in Frameworks */ = {isa = PBXBuildFile; fileRef = 463BC33F2281CAC9007D274F /* GoogleAPIClientForREST.framework */; };
		463BC3512281CACB007D274F /* FirebaseCore.framework in Frameworks */ = {isa = PBXBuildFile; fileRef = 463BC3402281CAC9007D274F /* FirebaseCore.framework */; };
		463BC3522281CACB007D274F /* FirebaseMLVisionTextModel.framework in Frameworks */ = {isa = PBXBuildFile; fileRef = 463BC3412281CACA007D274F /* FirebaseMLVisionTextModel.framework */; };
		463BC3532281CACB007D274F /* nanopb.framework in Frameworks */ = {isa = PBXBuildFile; fileRef = 463BC3422281CACA007D274F /* nanopb.framework */; };
		463BC3542281CACB007D274F /* GoogleUtilities.framework in Frameworks */ = {isa = PBXBuildFile; fileRef = 463BC3432281CACA007D274F /* GoogleUtilities.framework */; };
		463BC3552281CACB007D274F /* GTMSessionFetcher.framework in Frameworks */ = {isa = PBXBuildFile; fileRef = 463BC3442281CACA007D274F /* GTMSessionFetcher.framework */; };
		463BC3562281CACB007D274F /* FirebaseMLVision.framework in Frameworks */ = {isa = PBXBuildFile; fileRef = 463BC3452281CACA007D274F /* FirebaseMLVision.framework */; };
		463BC3572281CACB007D274F /* FirebaseMLCommon.framework in Frameworks */ = {isa = PBXBuildFile; fileRef = 463BC3462281CACA007D274F /* FirebaseMLCommon.framework */; };
		463BC3582281CACB007D274F /* FirebaseInstanceID.framework in Frameworks */ = {isa = PBXBuildFile; fileRef = 463BC3472281CACA007D274F /* FirebaseInstanceID.framework */; };
		463BC3592281CACB007D274F /* GoogleToolboxForMac.framework in Frameworks */ = {isa = PBXBuildFile; fileRef = 463BC3482281CACA007D274F /* GoogleToolboxForMac.framework */; };
		463BC35A2281CACB007D274F /* Protobuf.framework in Frameworks */ = {isa = PBXBuildFile; fileRef = 463BC3492281CACA007D274F /* Protobuf.framework */; };
		463BC35B2281CACB007D274F /* FirebaseAnalytics.framework in Frameworks */ = {isa = PBXBuildFile; fileRef = 463BC34A2281CACA007D274F /* FirebaseAnalytics.framework */; };
		463BC35C2281CACB007D274F /* TextDetector.framework in Frameworks */ = {isa = PBXBuildFile; fileRef = 463BC34B2281CACA007D274F /* TextDetector.framework */; };
		463BC41522845374007D274F /* SwiftOCR.framework in Frameworks */ = {isa = PBXBuildFile; fileRef = 463BC3FC22845308007D274F /* SwiftOCR.framework */; };
		463BC41622845374007D274F /* SwiftOCR.framework in Embed Frameworks */ = {isa = PBXBuildFile; fileRef = 463BC3FC22845308007D274F /* SwiftOCR.framework */; settings = {ATTRIBUTES = (CodeSignOnCopy, RemoveHeadersOnCopy, ); }; };
		463BC41A2284537A007D274F /* GPUImage.framework in Frameworks */ = {isa = PBXBuildFile; fileRef = 463BC40C22845327007D274F /* GPUImage.framework */; };
		463BC41B2284537A007D274F /* GPUImage.framework in Embed Frameworks */ = {isa = PBXBuildFile; fileRef = 463BC40C22845327007D274F /* GPUImage.framework */; settings = {ATTRIBUTES = (CodeSignOnCopy, RemoveHeadersOnCopy, ); }; };
		8E80105B22848EFB00E71D89 /* OCR-Network in Resources */ = {isa = PBXBuildFile; fileRef = 8E80105A22848EFB00E71D89 /* OCR-Network */; };
/* End PBXBuildFile section */

/* Begin PBXContainerItemProxy section */
		463BC3FB22845308007D274F /* PBXContainerItemProxy */ = {
			isa = PBXContainerItemProxy;
			containerPortal = 463BC3F222845307007D274F /* SwiftOCR.xcodeproj */;
			proxyType = 2;
			remoteGlobalIDString = 373ED0AF1CC9071C00C4758B;
			remoteInfo = SwiftOCR;
		};
		463BC3FD22845308007D274F /* PBXContainerItemProxy */ = {
			isa = PBXContainerItemProxy;
			containerPortal = 463BC3F222845307007D274F /* SwiftOCR.xcodeproj */;
			proxyType = 2;
			remoteGlobalIDString = 373ED0B91CC9071D00C4758B;
			remoteInfo = SwiftOCRTests;
		};
		463BC3FF22845308007D274F /* PBXContainerItemProxy */ = {
			isa = PBXContainerItemProxy;
			containerPortal = 463BC3F222845307007D274F /* SwiftOCR.xcodeproj */;
			proxyType = 2;
			remoteGlobalIDString = 373ED0E61CC909A500C4758B;
			remoteInfo = "SwiftOCR Mac";
		};
		463BC40122845308007D274F /* PBXContainerItemProxy */ = {
			isa = PBXContainerItemProxy;
			containerPortal = 463BC3F222845307007D274F /* SwiftOCR.xcodeproj */;
			proxyType = 2;
			remoteGlobalIDString = 373ED0EF1CC909A500C4758B;
			remoteInfo = "SwiftOCR MacTests";
		};
		463BC40922845327007D274F /* PBXContainerItemProxy */ = {
			isa = PBXContainerItemProxy;
			containerPortal = 463BC40322845327007D274F /* GPUImage.xcodeproj */;
			proxyType = 2;
			remoteGlobalIDString = BCF1A33414DDB1EC00852800;
			remoteInfo = GPUImage;
		};
		463BC40B22845327007D274F /* PBXContainerItemProxy */ = {
			isa = PBXContainerItemProxy;
			containerPortal = 463BC40322845327007D274F /* GPUImage.xcodeproj */;
			proxyType = 2;
			remoteGlobalIDString = BCE209E51943F20C002FEED8;
			remoteInfo = GPUImageFramework;
		};
		463BC41722845374007D274F /* PBXContainerItemProxy */ = {
			isa = PBXContainerItemProxy;
			containerPortal = 463BC3F222845307007D274F /* SwiftOCR.xcodeproj */;
			proxyType = 1;
			remoteGlobalIDString = 373ED0AE1CC9071C00C4758B;
			remoteInfo = SwiftOCR;
		};
		463BC41C2284537A007D274F /* PBXContainerItemProxy */ = {
			isa = PBXContainerItemProxy;
			containerPortal = 463BC40322845327007D274F /* GPUImage.xcodeproj */;
			proxyType = 1;
			remoteGlobalIDString = BCE209E41943F20C002FEED8;
			remoteInfo = GPUImageFramework;
		};
/* End PBXContainerItemProxy section */

/* Begin PBXCopyFilesBuildPhase section */
		463BC41922845374007D274F /* Embed Frameworks */ = {
			isa = PBXCopyFilesBuildPhase;
			buildActionMask = 2147483647;
			dstPath = "";
			dstSubfolderSpec = 10;
			files = (
				463BC41622845374007D274F /* SwiftOCR.framework in Embed Frameworks */,
				463BC41B2284537A007D274F /* GPUImage.framework in Embed Frameworks */,
			);
			name = "Embed Frameworks";
			runOnlyForDeploymentPostprocessing = 0;
		};
/* End PBXCopyFilesBuildPhase section */

/* Begin PBXFileReference section */
		4639763022819EBA00158068 /* Firebase.h */ = {isa = PBXFileReference; fileEncoding = 4; lastKnownFileType = sourcecode.c.h; path = Firebase.h; sourceTree = "<group>"; };
		4639763222819ED400158068 /* module.modulemap */ = {isa = PBXFileReference; fileEncoding = 4; lastKnownFileType = "sourcecode.module-map"; path = module.modulemap; sourceTree = "<group>"; };
		4639763422819F1A00158068 /* libsqlite3.tbd */ = {isa = PBXFileReference; lastKnownFileType = "sourcecode.text-based-dylib-definition"; name = libsqlite3.tbd; path = usr/lib/libsqlite3.tbd; sourceTree = SDKROOT; };
		4639763622819F3600158068 /* Accelerate.framework */ = {isa = PBXFileReference; lastKnownFileType = wrapper.framework; name = Accelerate.framework; path = System/Library/Frameworks/Accelerate.framework; sourceTree = SDKROOT; };
		4639763822819F3E00158068 /* LocalAuthentication.framework */ = {isa = PBXFileReference; lastKnownFileType = wrapper.framework; name = LocalAuthentication.framework; path = System/Library/Frameworks/LocalAuthentication.framework; sourceTree = SDKROOT; };
		4639763A22819F4D00158068 /* libz.tbd */ = {isa = PBXFileReference; lastKnownFileType = "sourcecode.text-based-dylib-definition"; name = libz.tbd; path = usr/lib/libz.tbd; sourceTree = SDKROOT; };
		4639763C22819F5500158068 /* libc++.tbd */ = {isa = PBXFileReference; lastKnownFileType = "sourcecode.text-based-dylib-definition"; name = "libc++.tbd"; path = "usr/lib/libc++.tbd"; sourceTree = SDKROOT; };
		4639763E22819F6600158068 /* AVFoundation.framework */ = {isa = PBXFileReference; lastKnownFileType = wrapper.framework; name = AVFoundation.framework; path = System/Library/Frameworks/AVFoundation.framework; sourceTree = SDKROOT; };
		4639764222819F7700158068 /* CoreMedia.framework */ = {isa = PBXFileReference; lastKnownFileType = wrapper.framework; name = CoreMedia.framework; path = System/Library/Frameworks/CoreMedia.framework; sourceTree = SDKROOT; };
		4639764822819F9F00158068 /* libicucore.tbd */ = {isa = PBXFileReference; lastKnownFileType = "sourcecode.text-based-dylib-definition"; name = libicucore.tbd; path = usr/lib/libicucore.tbd; sourceTree = SDKROOT; };
		463976722281A5BF00158068 /* Foundation.framework */ = {isa = PBXFileReference; lastKnownFileType = wrapper.framework; name = Foundation.framework; path = System/Library/Frameworks/Foundation.framework; sourceTree = SDKROOT; };
		463976762281A66600158068 /* StoreKit.framework */ = {isa = PBXFileReference; lastKnownFileType = wrapper.framework; name = StoreKit.framework; path = System/Library/Frameworks/StoreKit.framework; sourceTree = SDKROOT; };
		4639767C2281A72600158068 /* OCRScannerView.swift */ = {isa = PBXFileReference; fileEncoding = 4; lastKnownFileType = sourcecode.swift; path = OCRScannerView.swift; sourceTree = "<group>"; };
		463976822281A7BE00158068 /* OcrScanner.app */ = {isa = PBXFileReference; explicitFileType = wrapper.application; includeInIndex = 0; path = OcrScanner.app; sourceTree = BUILT_PRODUCTS_DIR; };
		463976842281A7BE00158068 /* AppDelegate.swift */ = {isa = PBXFileReference; lastKnownFileType = sourcecode.swift; path = AppDelegate.swift; sourceTree = "<group>"; };
		463976862281A7BE00158068 /* ViewController.swift */ = {isa = PBXFileReference; lastKnownFileType = sourcecode.swift; path = ViewController.swift; sourceTree = "<group>"; };
		463976892281A7BE00158068 /* Base */ = {isa = PBXFileReference; lastKnownFileType = file.storyboard; name = Base; path = Base.lproj/Main.storyboard; sourceTree = "<group>"; };
		4639768B2281A7BF00158068 /* Assets.xcassets */ = {isa = PBXFileReference; lastKnownFileType = folder.assetcatalog; path = Assets.xcassets; sourceTree = "<group>"; };
		4639768E2281A7BF00158068 /* Base */ = {isa = PBXFileReference; lastKnownFileType = file.storyboard; name = Base; path = Base.lproj/LaunchScreen.storyboard; sourceTree = "<group>"; };
		463976902281A7BF00158068 /* Info.plist */ = {isa = PBXFileReference; lastKnownFileType = text.plist.xml; path = Info.plist; sourceTree = "<group>"; };
		463BC3372281B670007D274F /* GoogleService-Info.plist */ = {isa = PBXFileReference; fileEncoding = 4; lastKnownFileType = text.plist.xml; path = "GoogleService-Info.plist"; sourceTree = "<group>"; };
		463BC3392281BC64007D274F /* GoogleMVTextDetectorResources.bundle */ = {isa = PBXFileReference; lastKnownFileType = "wrapper.plug-in"; name = GoogleMVTextDetectorResources.bundle; path = OcrScanner/Frameworks/GoogleMVTextDetectorResources.bundle; sourceTree = "<group>"; };
		463BC33B2281CAC9007D274F /* FirebaseCoreDiagnostics.framework */ = {isa = PBXFileReference; lastKnownFileType = wrapper.framework; name = FirebaseCoreDiagnostics.framework; path = OcrScanner/Frameworks/FirebaseCoreDiagnostics.framework; sourceTree = "<group>"; };
		463BC33C2281CAC9007D274F /* GoogleAppMeasurement.framework */ = {isa = PBXFileReference; lastKnownFileType = wrapper.framework; name = GoogleAppMeasurement.framework; path = OcrScanner/Frameworks/GoogleAppMeasurement.framework; sourceTree = "<group>"; };
		463BC33D2281CAC9007D274F /* GoogleMobileVision.framework */ = {isa = PBXFileReference; lastKnownFileType = wrapper.framework; name = GoogleMobileVision.framework; path = OcrScanner/Frameworks/GoogleMobileVision.framework; sourceTree = "<group>"; };
		463BC33E2281CAC9007D274F /* FIRAnalyticsConnector.framework */ = {isa = PBXFileReference; lastKnownFileType = wrapper.framework; name = FIRAnalyticsConnector.framework; path = OcrScanner/Frameworks/FIRAnalyticsConnector.framework; sourceTree = "<group>"; };
		463BC33F2281CAC9007D274F /* GoogleAPIClientForREST.framework */ = {isa = PBXFileReference; lastKnownFileType = wrapper.framework; name = GoogleAPIClientForREST.framework; path = OcrScanner/Frameworks/GoogleAPIClientForREST.framework; sourceTree = "<group>"; };
		463BC3402281CAC9007D274F /* FirebaseCore.framework */ = {isa = PBXFileReference; lastKnownFileType = wrapper.framework; name = FirebaseCore.framework; path = OcrScanner/Frameworks/FirebaseCore.framework; sourceTree = "<group>"; };
		463BC3412281CACA007D274F /* FirebaseMLVisionTextModel.framework */ = {isa = PBXFileReference; lastKnownFileType = wrapper.framework; name = FirebaseMLVisionTextModel.framework; path = OcrScanner/Frameworks/FirebaseMLVisionTextModel.framework; sourceTree = "<group>"; };
		463BC3422281CACA007D274F /* nanopb.framework */ = {isa = PBXFileReference; lastKnownFileType = wrapper.framework; name = nanopb.framework; path = OcrScanner/Frameworks/nanopb.framework; sourceTree = "<group>"; };
		463BC3432281CACA007D274F /* GoogleUtilities.framework */ = {isa = PBXFileReference; lastKnownFileType = wrapper.framework; name = GoogleUtilities.framework; path = OcrScanner/Frameworks/GoogleUtilities.framework; sourceTree = "<group>"; };
		463BC3442281CACA007D274F /* GTMSessionFetcher.framework */ = {isa = PBXFileReference; lastKnownFileType = wrapper.framework; name = GTMSessionFetcher.framework; path = OcrScanner/Frameworks/GTMSessionFetcher.framework; sourceTree = "<group>"; };
		463BC3452281CACA007D274F /* FirebaseMLVision.framework */ = {isa = PBXFileReference; lastKnownFileType = wrapper.framework; name = FirebaseMLVision.framework; path = OcrScanner/Frameworks/FirebaseMLVision.framework; sourceTree = "<group>"; };
		463BC3462281CACA007D274F /* FirebaseMLCommon.framework */ = {isa = PBXFileReference; lastKnownFileType = wrapper.framework; name = FirebaseMLCommon.framework; path = OcrScanner/Frameworks/FirebaseMLCommon.framework; sourceTree = "<group>"; };
		463BC3472281CACA007D274F /* FirebaseInstanceID.framework */ = {isa = PBXFileReference; lastKnownFileType = wrapper.framework; name = FirebaseInstanceID.framework; path = OcrScanner/Frameworks/FirebaseInstanceID.framework; sourceTree = "<group>"; };
		463BC3482281CACA007D274F /* GoogleToolboxForMac.framework */ = {isa = PBXFileReference; lastKnownFileType = wrapper.framework; name = GoogleToolboxForMac.framework; path = OcrScanner/Frameworks/GoogleToolboxForMac.framework; sourceTree = "<group>"; };
		463BC3492281CACA007D274F /* Protobuf.framework */ = {isa = PBXFileReference; lastKnownFileType = wrapper.framework; name = Protobuf.framework; path = OcrScanner/Frameworks/Protobuf.framework; sourceTree = "<group>"; };
		463BC34A2281CACA007D274F /* FirebaseAnalytics.framework */ = {isa = PBXFileReference; lastKnownFileType = wrapper.framework; name = FirebaseAnalytics.framework; path = OcrScanner/Frameworks/FirebaseAnalytics.framework; sourceTree = "<group>"; };
		463BC34B2281CACA007D274F /* TextDetector.framework */ = {isa = PBXFileReference; lastKnownFileType = wrapper.framework; name = TextDetector.framework; path = OcrScanner/Frameworks/TextDetector.framework; sourceTree = "<group>"; };
		463BC3F222845307007D274F /* SwiftOCR.xcodeproj */ = {isa = PBXFileReference; lastKnownFileType = "wrapper.pb-project"; name = SwiftOCR.xcodeproj; path = OcrScanner/SwiftOCR/SwiftOCR.xcodeproj; sourceTree = "<group>"; };
		463BC40322845327007D274F /* GPUImage.xcodeproj */ = {isa = PBXFileReference; lastKnownFileType = "wrapper.pb-project"; name = GPUImage.xcodeproj; path = "OcrScanner/SwiftOCR/SwiftOCR/GPUImage-master/framework/GPUImage.xcodeproj"; sourceTree = "<group>"; };
		8E80105A22848EFB00E71D89 /* OCR-Network */ = {isa = PBXFileReference; lastKnownFileType = file.bplist; path = "OCR-Network"; sourceTree = "<group>"; };
/* End PBXFileReference section */

/* Begin PBXFrameworksBuildPhase section */
		4639767F2281A7BE00158068 /* Frameworks */ = {
			isa = PBXFrameworksBuildPhase;
			buildActionMask = 2147483647;
			files = (
				463BC3312281B30B007D274F /* libz.tbd in Frameworks */,
				463BC3342281B314007D274F /* libsqlite3.tbd in Frameworks */,
				463BC34D2281CACB007D274F /* GoogleAppMeasurement.framework in Frameworks */,
				463BC32F2281B305007D274F /* AVFoundation.framework in Frameworks */,
				463BC3582281CACB007D274F /* FirebaseInstanceID.framework in Frameworks */,
				463BC3552281CACB007D274F /* GTMSessionFetcher.framework in Frameworks */,
				463BC41A2284537A007D274F /* GPUImage.framework in Frameworks */,
				463BC3572281CACB007D274F /* FirebaseMLCommon.framework in Frameworks */,
				463BC3532281CACB007D274F /* nanopb.framework in Frameworks */,
				463BC3542281CACB007D274F /* GoogleUtilities.framework in Frameworks */,
				463BC32E2281B302007D274F /* CoreMedia.framework in Frameworks */,
				463BC32C2281B2F1007D274F /* Foundation.framework in Frameworks */,
				463BC34E2281CACB007D274F /* GoogleMobileVision.framework in Frameworks */,
				463BC35B2281CACB007D274F /* FirebaseAnalytics.framework in Frameworks */,
				463BC3522281CACB007D274F /* FirebaseMLVisionTextModel.framework in Frameworks */,
				463BC32B2281B2AA007D274F /* StoreKit.framework in Frameworks */,
				463BC32D2281B2FF007D274F /* libicucore.tbd in Frameworks */,
				463BC3562281CACB007D274F /* FirebaseMLVision.framework in Frameworks */,
				463BC34C2281CACB007D274F /* FirebaseCoreDiagnostics.framework in Frameworks */,
				463BC3502281CACB007D274F /* GoogleAPIClientForREST.framework in Frameworks */,
				463BC41522845374007D274F /* SwiftOCR.framework in Frameworks */,
				463BC3302281B308007D274F /* libc++.tbd in Frameworks */,
				463BC35C2281CACB007D274F /* TextDetector.framework in Frameworks */,
				463BC3512281CACB007D274F /* FirebaseCore.framework in Frameworks */,
				463BC34F2281CACB007D274F /* FIRAnalyticsConnector.framework in Frameworks */,
				463BC3592281CACB007D274F /* GoogleToolboxForMac.framework in Frameworks */,
				463BC35A2281CACB007D274F /* Protobuf.framework in Frameworks */,
				463BC3332281B311007D274F /* LocalAuthentication.framework in Frameworks */,
				463BC3322281B30E007D274F /* Accelerate.framework in Frameworks */,
			);
			runOnlyForDeploymentPostprocessing = 0;
		};
/* End PBXFrameworksBuildPhase section */

/* Begin PBXGroup section */
		4639760122819D6100158068 = {
			isa = PBXGroup;
			children = (
				463BC3F222845307007D274F /* SwiftOCR.xcodeproj */,
				463BC40322845327007D274F /* GPUImage.xcodeproj */,
				463976832281A7BE00158068 /* OcrScanner */,
				4639760C22819D6100158068 /* Products */,
				4639763322819F1A00158068 /* Frameworks */,
			);
			sourceTree = "<group>";
		};
		4639760C22819D6100158068 /* Products */ = {
			isa = PBXGroup;
			children = (
				463976822281A7BE00158068 /* OcrScanner.app */,
			);
			name = Products;
			sourceTree = "<group>";
		};
		4639762D22819E5E00158068 /* Firebase */ = {
			isa = PBXGroup;
			children = (
				463BC3372281B670007D274F /* GoogleService-Info.plist */,
				4639763022819EBA00158068 /* Firebase.h */,
				4639763222819ED400158068 /* module.modulemap */,
			);
			path = Firebase;
			sourceTree = "<group>";
		};
		4639763322819F1A00158068 /* Frameworks */ = {
			isa = PBXGroup;
			children = (
				463BC33E2281CAC9007D274F /* FIRAnalyticsConnector.framework */,
				463BC34A2281CACA007D274F /* FirebaseAnalytics.framework */,
				463BC3402281CAC9007D274F /* FirebaseCore.framework */,
				463BC33B2281CAC9007D274F /* FirebaseCoreDiagnostics.framework */,
				463BC3472281CACA007D274F /* FirebaseInstanceID.framework */,
				463BC3462281CACA007D274F /* FirebaseMLCommon.framework */,
				463BC3452281CACA007D274F /* FirebaseMLVision.framework */,
				463BC3412281CACA007D274F /* FirebaseMLVisionTextModel.framework */,
				463BC33F2281CAC9007D274F /* GoogleAPIClientForREST.framework */,
				463BC33C2281CAC9007D274F /* GoogleAppMeasurement.framework */,
				463BC33D2281CAC9007D274F /* GoogleMobileVision.framework */,
				463BC3482281CACA007D274F /* GoogleToolboxForMac.framework */,
				463BC3432281CACA007D274F /* GoogleUtilities.framework */,
				463BC3442281CACA007D274F /* GTMSessionFetcher.framework */,
				463BC3422281CACA007D274F /* nanopb.framework */,
				463BC3492281CACA007D274F /* Protobuf.framework */,
				463BC34B2281CACA007D274F /* TextDetector.framework */,
				463BC3392281BC64007D274F /* GoogleMVTextDetectorResources.bundle */,
				463976762281A66600158068 /* StoreKit.framework */,
				463976722281A5BF00158068 /* Foundation.framework */,
				4639764822819F9F00158068 /* libicucore.tbd */,
				4639764222819F7700158068 /* CoreMedia.framework */,
				4639763E22819F6600158068 /* AVFoundation.framework */,
				4639763C22819F5500158068 /* libc++.tbd */,
				4639763A22819F4D00158068 /* libz.tbd */,
				4639763822819F3E00158068 /* LocalAuthentication.framework */,
				4639763622819F3600158068 /* Accelerate.framework */,
				4639763422819F1A00158068 /* libsqlite3.tbd */,
			);
			name = Frameworks;
			sourceTree = "<group>";
		};
		463976832281A7BE00158068 /* OcrScanner */ = {
			isa = PBXGroup;
			children = (
				8E80105A22848EFB00E71D89 /* OCR-Network */,
				463976842281A7BE00158068 /* AppDelegate.swift */,
				463976862281A7BE00158068 /* ViewController.swift */,
				4639767C2281A72600158068 /* OCRScannerView.swift */,
				463976882281A7BE00158068 /* Main.storyboard */,
				4639762D22819E5E00158068 /* Firebase */,
				4639768B2281A7BF00158068 /* Assets.xcassets */,
				4639768D2281A7BF00158068 /* LaunchScreen.storyboard */,
				463976902281A7BF00158068 /* Info.plist */,
			);
			path = OcrScanner;
			sourceTree = "<group>";
		};
		463BC3F322845307007D274F /* Products */ = {
			isa = PBXGroup;
			children = (
				463BC3FC22845308007D274F /* SwiftOCR.framework */,
				463BC3FE22845308007D274F /* SwiftOCRTests.xctest */,
				463BC40022845308007D274F /* SwiftOCR.framework */,
				463BC40222845308007D274F /* SwiftOCR MacTests.xctest */,
			);
			name = Products;
			sourceTree = "<group>";
		};
		463BC40422845327007D274F /* Products */ = {
			isa = PBXGroup;
			children = (
				463BC40A22845327007D274F /* libGPUImage.a */,
				463BC40C22845327007D274F /* GPUImage.framework */,
			);
			name = Products;
			sourceTree = "<group>";
		};
/* End PBXGroup section */

/* Begin PBXNativeTarget section */
		463976812281A7BE00158068 /* OcrScanner */ = {
			isa = PBXNativeTarget;
			buildConfigurationList = 463976912281A7BF00158068 /* Build configuration list for PBXNativeTarget "OcrScanner" */;
			buildPhases = (
				4639767E2281A7BE00158068 /* Sources */,
				4639767F2281A7BE00158068 /* Frameworks */,
				463976802281A7BE00158068 /* Resources */,
				463BC41922845374007D274F /* Embed Frameworks */,
			);
			buildRules = (
			);
			dependencies = (
				463BC41822845374007D274F /* PBXTargetDependency */,
				463BC41D2284537A007D274F /* PBXTargetDependency */,
			);
			name = OcrScanner;
			productName = OcrScannerExample;
			productReference = 463976822281A7BE00158068 /* OcrScanner.app */;
			productType = "com.apple.product-type.application";
		};
/* End PBXNativeTarget section */

/* Begin PBXProject section */
		4639760222819D6100158068 /* Project object */ = {
			isa = PBXProject;
			attributes = {
				LastSwiftUpdateCheck = 1020;
				LastUpgradeCheck = 1020;
				ORGANIZATIONNAME = "Knowit Mobile Stockholm";
				TargetAttributes = {
					463976812281A7BE00158068 = {
						CreatedOnToolsVersion = 10.2.1;
					};
				};
			};
			buildConfigurationList = 4639760522819D6100158068 /* Build configuration list for PBXProject "OcrScanner" */;
			compatibilityVersion = "Xcode 9.3";
			developmentRegion = en;
			hasScannedForEncodings = 0;
			knownRegions = (
				en,
				Base,
			);
			mainGroup = 4639760122819D6100158068;
			productRefGroup = 4639760C22819D6100158068 /* Products */;
			projectDirPath = "";
			projectReferences = (
				{
					ProductGroup = 463BC40422845327007D274F /* Products */;
					ProjectRef = 463BC40322845327007D274F /* GPUImage.xcodeproj */;
				},
				{
					ProductGroup = 463BC3F322845307007D274F /* Products */;
					ProjectRef = 463BC3F222845307007D274F /* SwiftOCR.xcodeproj */;
				},
			);
			projectRoot = "";
			targets = (
				463976812281A7BE00158068 /* OcrScanner */,
			);
		};
/* End PBXProject section */

/* Begin PBXReferenceProxy section */
		463BC3FC22845308007D274F /* SwiftOCR.framework */ = {
			isa = PBXReferenceProxy;
			fileType = wrapper.framework;
			path = SwiftOCR.framework;
			remoteRef = 463BC3FB22845308007D274F /* PBXContainerItemProxy */;
			sourceTree = BUILT_PRODUCTS_DIR;
		};
		463BC3FE22845308007D274F /* SwiftOCRTests.xctest */ = {
			isa = PBXReferenceProxy;
			fileType = wrapper.cfbundle;
			path = SwiftOCRTests.xctest;
			remoteRef = 463BC3FD22845308007D274F /* PBXContainerItemProxy */;
			sourceTree = BUILT_PRODUCTS_DIR;
		};
		463BC40022845308007D274F /* SwiftOCR.framework */ = {
			isa = PBXReferenceProxy;
			fileType = wrapper.framework;
			path = SwiftOCR.framework;
			remoteRef = 463BC3FF22845308007D274F /* PBXContainerItemProxy */;
			sourceTree = BUILT_PRODUCTS_DIR;
		};
		463BC40222845308007D274F /* SwiftOCR MacTests.xctest */ = {
			isa = PBXReferenceProxy;
			fileType = wrapper.cfbundle;
			path = "SwiftOCR MacTests.xctest";
			remoteRef = 463BC40122845308007D274F /* PBXContainerItemProxy */;
			sourceTree = BUILT_PRODUCTS_DIR;
		};
		463BC40A22845327007D274F /* libGPUImage.a */ = {
			isa = PBXReferenceProxy;
			fileType = archive.ar;
			path = libGPUImage.a;
			remoteRef = 463BC40922845327007D274F /* PBXContainerItemProxy */;
			sourceTree = BUILT_PRODUCTS_DIR;
		};
		463BC40C22845327007D274F /* GPUImage.framework */ = {
			isa = PBXReferenceProxy;
			fileType = wrapper.framework;
			path = GPUImage.framework;
			remoteRef = 463BC40B22845327007D274F /* PBXContainerItemProxy */;
			sourceTree = BUILT_PRODUCTS_DIR;
		};
/* End PBXReferenceProxy section */

/* Begin PBXResourcesBuildPhase section */
		463976802281A7BE00158068 /* Resources */ = {
			isa = PBXResourcesBuildPhase;
			buildActionMask = 2147483647;
			files = (
				4639768F2281A7BF00158068 /* LaunchScreen.storyboard in Resources */,
				463BC3382281B671007D274F /* GoogleService-Info.plist in Resources */,
				8E80105B22848EFB00E71D89 /* OCR-Network in Resources */,
				463BC33A2281BC64007D274F /* GoogleMVTextDetectorResources.bundle in Resources */,
				4639768C2281A7BF00158068 /* Assets.xcassets in Resources */,
				4639768A2281A7BE00158068 /* Main.storyboard in Resources */,
			);
			runOnlyForDeploymentPostprocessing = 0;
		};
/* End PBXResourcesBuildPhase section */

/* Begin PBXSourcesBuildPhase section */
		4639767E2281A7BE00158068 /* Sources */ = {
			isa = PBXSourcesBuildPhase;
			buildActionMask = 2147483647;
			files = (
				463BC32A2281B190007D274F /* OCRScannerView.swift in Sources */,
				463976872281A7BE00158068 /* ViewController.swift in Sources */,
				463976852281A7BE00158068 /* AppDelegate.swift in Sources */,
			);
			runOnlyForDeploymentPostprocessing = 0;
		};
/* End PBXSourcesBuildPhase section */

/* Begin PBXTargetDependency section */
		463BC41822845374007D274F /* PBXTargetDependency */ = {
			isa = PBXTargetDependency;
			name = SwiftOCR;
			targetProxy = 463BC41722845374007D274F /* PBXContainerItemProxy */;
		};
		463BC41D2284537A007D274F /* PBXTargetDependency */ = {
			isa = PBXTargetDependency;
			name = GPUImageFramework;
			targetProxy = 463BC41C2284537A007D274F /* PBXContainerItemProxy */;
		};
/* End PBXTargetDependency section */

/* Begin PBXVariantGroup section */
		463976882281A7BE00158068 /* Main.storyboard */ = {
			isa = PBXVariantGroup;
			children = (
				463976892281A7BE00158068 /* Base */,
			);
			name = Main.storyboard;
			sourceTree = "<group>";
		};
		4639768D2281A7BF00158068 /* LaunchScreen.storyboard */ = {
			isa = PBXVariantGroup;
			children = (
				4639768E2281A7BF00158068 /* Base */,
			);
			name = LaunchScreen.storyboard;
			sourceTree = "<group>";
		};
/* End PBXVariantGroup section */

/* Begin XCBuildConfiguration section */
		4639761122819D6100158068 /* Debug */ = {
			isa = XCBuildConfiguration;
			buildSettings = {
				ALWAYS_SEARCH_USER_PATHS = NO;
				CLANG_ANALYZER_NONNULL = YES;
				CLANG_ANALYZER_NUMBER_OBJECT_CONVERSION = YES_AGGRESSIVE;
				CLANG_CXX_LANGUAGE_STANDARD = "gnu++14";
				CLANG_CXX_LIBRARY = "libc++";
				CLANG_ENABLE_MODULES = YES;
				CLANG_ENABLE_OBJC_ARC = YES;
				CLANG_ENABLE_OBJC_WEAK = YES;
				CLANG_WARN_BLOCK_CAPTURE_AUTORELEASING = YES;
				CLANG_WARN_BOOL_CONVERSION = YES;
				CLANG_WARN_COMMA = YES;
				CLANG_WARN_CONSTANT_CONVERSION = YES;
				CLANG_WARN_DEPRECATED_OBJC_IMPLEMENTATIONS = YES;
				CLANG_WARN_DIRECT_OBJC_ISA_USAGE = YES_ERROR;
				CLANG_WARN_DOCUMENTATION_COMMENTS = YES;
				CLANG_WARN_EMPTY_BODY = YES;
				CLANG_WARN_ENUM_CONVERSION = YES;
				CLANG_WARN_INFINITE_RECURSION = YES;
				CLANG_WARN_INT_CONVERSION = YES;
				CLANG_WARN_NON_LITERAL_NULL_CONVERSION = YES;
				CLANG_WARN_OBJC_IMPLICIT_RETAIN_SELF = YES;
				CLANG_WARN_OBJC_LITERAL_CONVERSION = YES;
				CLANG_WARN_OBJC_ROOT_CLASS = YES_ERROR;
				CLANG_WARN_RANGE_LOOP_ANALYSIS = YES;
				CLANG_WARN_STRICT_PROTOTYPES = YES;
				CLANG_WARN_SUSPICIOUS_MOVE = YES;
				CLANG_WARN_UNGUARDED_AVAILABILITY = YES_AGGRESSIVE;
				CLANG_WARN_UNREACHABLE_CODE = YES;
				CLANG_WARN__DUPLICATE_METHOD_MATCH = YES;
				CODE_SIGN_IDENTITY = "iPhone Developer";
				COPY_PHASE_STRIP = NO;
				CURRENT_PROJECT_VERSION = 1;
				DEBUG_INFORMATION_FORMAT = dwarf;
				ENABLE_STRICT_OBJC_MSGSEND = YES;
				ENABLE_TESTABILITY = YES;
				GCC_C_LANGUAGE_STANDARD = gnu11;
				GCC_DYNAMIC_NO_PIC = NO;
				GCC_NO_COMMON_BLOCKS = YES;
				GCC_OPTIMIZATION_LEVEL = 0;
				GCC_PREPROCESSOR_DEFINITIONS = (
					"DEBUG=1",
					"$(inherited)",
				);
				GCC_WARN_64_TO_32_BIT_CONVERSION = YES;
				GCC_WARN_ABOUT_RETURN_TYPE = YES_ERROR;
				GCC_WARN_UNDECLARED_SELECTOR = YES;
				GCC_WARN_UNINITIALIZED_AUTOS = YES_AGGRESSIVE;
				GCC_WARN_UNUSED_FUNCTION = YES;
				GCC_WARN_UNUSED_VARIABLE = YES;
				IPHONEOS_DEPLOYMENT_TARGET = 12.2;
				MTL_ENABLE_DEBUG_INFO = INCLUDE_SOURCE;
				MTL_FAST_MATH = YES;
				ONLY_ACTIVE_ARCH = YES;
				SDKROOT = iphoneos;
				SWIFT_ACTIVE_COMPILATION_CONDITIONS = DEBUG;
				SWIFT_OPTIMIZATION_LEVEL = "-Onone";
				VERSIONING_SYSTEM = "apple-generic";
				VERSION_INFO_PREFIX = "";
			};
			name = Debug;
		};
		4639761222819D6100158068 /* Release */ = {
			isa = XCBuildConfiguration;
			buildSettings = {
				ALWAYS_SEARCH_USER_PATHS = NO;
				CLANG_ANALYZER_NONNULL = YES;
				CLANG_ANALYZER_NUMBER_OBJECT_CONVERSION = YES_AGGRESSIVE;
				CLANG_CXX_LANGUAGE_STANDARD = "gnu++14";
				CLANG_CXX_LIBRARY = "libc++";
				CLANG_ENABLE_MODULES = YES;
				CLANG_ENABLE_OBJC_ARC = YES;
				CLANG_ENABLE_OBJC_WEAK = YES;
				CLANG_WARN_BLOCK_CAPTURE_AUTORELEASING = YES;
				CLANG_WARN_BOOL_CONVERSION = YES;
				CLANG_WARN_COMMA = YES;
				CLANG_WARN_CONSTANT_CONVERSION = YES;
				CLANG_WARN_DEPRECATED_OBJC_IMPLEMENTATIONS = YES;
				CLANG_WARN_DIRECT_OBJC_ISA_USAGE = YES_ERROR;
				CLANG_WARN_DOCUMENTATION_COMMENTS = YES;
				CLANG_WARN_EMPTY_BODY = YES;
				CLANG_WARN_ENUM_CONVERSION = YES;
				CLANG_WARN_INFINITE_RECURSION = YES;
				CLANG_WARN_INT_CONVERSION = YES;
				CLANG_WARN_NON_LITERAL_NULL_CONVERSION = YES;
				CLANG_WARN_OBJC_IMPLICIT_RETAIN_SELF = YES;
				CLANG_WARN_OBJC_LITERAL_CONVERSION = YES;
				CLANG_WARN_OBJC_ROOT_CLASS = YES_ERROR;
				CLANG_WARN_RANGE_LOOP_ANALYSIS = YES;
				CLANG_WARN_STRICT_PROTOTYPES = YES;
				CLANG_WARN_SUSPICIOUS_MOVE = YES;
				CLANG_WARN_UNGUARDED_AVAILABILITY = YES_AGGRESSIVE;
				CLANG_WARN_UNREACHABLE_CODE = YES;
				CLANG_WARN__DUPLICATE_METHOD_MATCH = YES;
				CODE_SIGN_IDENTITY = "iPhone Developer";
				COPY_PHASE_STRIP = NO;
				CURRENT_PROJECT_VERSION = 1;
				DEBUG_INFORMATION_FORMAT = "dwarf-with-dsym";
				ENABLE_NS_ASSERTIONS = NO;
				ENABLE_STRICT_OBJC_MSGSEND = YES;
				GCC_C_LANGUAGE_STANDARD = gnu11;
				GCC_NO_COMMON_BLOCKS = YES;
				GCC_WARN_64_TO_32_BIT_CONVERSION = YES;
				GCC_WARN_ABOUT_RETURN_TYPE = YES_ERROR;
				GCC_WARN_UNDECLARED_SELECTOR = YES;
				GCC_WARN_UNINITIALIZED_AUTOS = YES_AGGRESSIVE;
				GCC_WARN_UNUSED_FUNCTION = YES;
				GCC_WARN_UNUSED_VARIABLE = YES;
				IPHONEOS_DEPLOYMENT_TARGET = 12.2;
				MTL_ENABLE_DEBUG_INFO = NO;
				MTL_FAST_MATH = YES;
				SDKROOT = iphoneos;
				SWIFT_COMPILATION_MODE = wholemodule;
				SWIFT_OPTIMIZATION_LEVEL = "-O";
				VALIDATE_PRODUCT = YES;
				VERSIONING_SYSTEM = "apple-generic";
				VERSION_INFO_PREFIX = "";
			};
			name = Release;
		};
		463976922281A7BF00158068 /* Debug */ = {
			isa = XCBuildConfiguration;
			buildSettings = {
				ALWAYS_EMBED_SWIFT_STANDARD_LIBRARIES = YES;
				ASSETCATALOG_COMPILER_APPICON_NAME = AppIcon;
				CODE_SIGN_STYLE = Automatic;
				DEVELOPMENT_TEAM = S8TY89ZL5Q;
				FRAMEWORK_SEARCH_PATHS = (
					"$(inherited)",
					"$(PROJECT_DIR)",
					"$(PROJECT_DIR)/OcrScanner/Frameworks",
				);
				HEADER_SEARCH_PATHS = "$(PROJECT_DIR)/OcrScanner/Firebase";
				INFOPLIST_FILE = "$(SRCROOT)/OcrScanner/Info.plist";
				IPHONEOS_DEPLOYMENT_TARGET = 11.0;
				LD_RUNPATH_SEARCH_PATHS = (
					"$(inherited)",
					"@executable_path/Frameworks",
				);
				OTHER_LDFLAGS = "-ObjC";
				PRODUCT_BUNDLE_IDENTIFIER = se.knowit.OcrScanner;
				PRODUCT_NAME = "$(TARGET_NAME)";
				SWIFT_VERSION = 5.0;
				TARGETED_DEVICE_FAMILY = "1,2";
			};
			name = Debug;
		};
		463976932281A7BF00158068 /* Release */ = {
			isa = XCBuildConfiguration;
			buildSettings = {
				ALWAYS_EMBED_SWIFT_STANDARD_LIBRARIES = YES;
				ASSETCATALOG_COMPILER_APPICON_NAME = AppIcon;
				CODE_SIGN_STYLE = Automatic;
				DEVELOPMENT_TEAM = S8TY89ZL5Q;
				FRAMEWORK_SEARCH_PATHS = (
					"$(inherited)",
					"$(PROJECT_DIR)",
					"$(PROJECT_DIR)/OcrScanner/Frameworks",
				);
				HEADER_SEARCH_PATHS = "$(PROJECT_DIR)/OcrScanner/Firebase";
				INFOPLIST_FILE = "$(SRCROOT)/OcrScanner/Info.plist";
				IPHONEOS_DEPLOYMENT_TARGET = 11.0;
				LD_RUNPATH_SEARCH_PATHS = (
					"$(inherited)",
					"@executable_path/Frameworks",
				);
				OTHER_LDFLAGS = "-ObjC";
				PRODUCT_BUNDLE_IDENTIFIER = se.knowit.OcrScanner;
				PRODUCT_NAME = "$(TARGET_NAME)";
				SWIFT_VERSION = 5.0;
				TARGETED_DEVICE_FAMILY = "1,2";
			};
			name = Release;
		};
/* End XCBuildConfiguration section */

/* Begin XCConfigurationList section */
		4639760522819D6100158068 /* Build configuration list for PBXProject "OcrScanner" */ = {
			isa = XCConfigurationList;
			buildConfigurations = (
				4639761122819D6100158068 /* Debug */,
				4639761222819D6100158068 /* Release */,
			);
			defaultConfigurationIsVisible = 0;
			defaultConfigurationName = Release;
		};
		463976912281A7BF00158068 /* Build configuration list for PBXNativeTarget "OcrScanner" */ = {
			isa = XCConfigurationList;
			buildConfigurations = (
				463976922281A7BF00158068 /* Debug */,
				463976932281A7BF00158068 /* Release */,
			);
			defaultConfigurationIsVisible = 0;
			defaultConfigurationName = Release;
		};
/* End XCConfigurationList section */
	};
	rootObject = 4639760222819D6100158068 /* Project object */;
}
